
Microsoft Visual Studio Solution File, Format Version 12.00
# Visual Studio 15
Project("{FAE04EC0-301F-11D3-BF4B-00C04F79EFBC}") = "Hide-The-Return", "Hide-The-Return.csproj", "{43A621E3-B9EA-0744-1529-ABE41D050903}"
EndProject
Project("{FAE04EC0-301F-11D3-BF4B-00C04F79EFBC}") = "Hide-The-Return.Plugins", "Hide-The-Return.Plugins.csproj", "{DA857841-5321-235F-47CE-B7982C078CA8}"
EndProject
Project("{FAE04EC0-301F-11D3-BF4B-00C04F79EFBC}") = "Hide-The-Return.Editor", "Hide-The-Return.Editor.csproj", "{59C894F7-C2C0-B3FF-99BA-32297E74E0F8}"
EndProject
Project("{FAE04EC0-301F-11D3-BF4B-00C04F79EFBC}") = "Hide-The-Return.Editor.Plugins", "Hide-The-Return.Editor.Plugins.csproj", "{4246D182-EE69-949F-0CEB-4074695E31E7}"
EndProject
Global
	GlobalSection(SolutionConfigurationPlatforms) = preSolution
		Debug|Any CPU = Debug|Any CPU
		Release|Any CPU = Release|Any CPU
	EndGlobalSection
	GlobalSection(ProjectConfigurationPlatforms) = postSolution
		{43A621E3-B9EA-0744-1529-ABE41D050903}.Debug|Any CPU.ActiveCfg = Debug|Any CPU
		{43A621E3-B9EA-0744-1529-ABE41D050903}.Debug|Any CPU.Build.0 = Debug|Any CPU
		{43A621E3-B9EA-0744-1529-ABE41D050903}.Release|Any CPU.ActiveCfg = Release|Any CPU
		{43A621E3-B9EA-0744-1529-ABE41D050903}.Release|Any CPU.Build.0 = Release|Any CPU
		{DA857841-5321-235F-47CE-B7982C078CA8}.Debug|Any CPU.ActiveCfg = Debug|Any CPU
		{DA857841-5321-235F-47CE-B7982C078CA8}.Debug|Any CPU.Build.0 = Debug|Any CPU
		{DA857841-5321-235F-47CE-B7982C078CA8}.Release|Any CPU.ActiveCfg = Release|Any CPU
		{DA857841-5321-235F-47CE-B7982C078CA8}.Release|Any CPU.Build.0 = Release|Any CPU
		{59C894F7-C2C0-B3FF-99BA-32297E74E0F8}.Debug|Any CPU.ActiveCfg = Debug|Any CPU
		{59C894F7-C2C0-B3FF-99BA-32297E74E0F8}.Debug|Any CPU.Build.0 = Debug|Any CPU
		{59C894F7-C2C0-B3FF-99BA-32297E74E0F8}.Release|Any CPU.ActiveCfg = Release|Any CPU
		{59C894F7-C2C0-B3FF-99BA-32297E74E0F8}.Release|Any CPU.Build.0 = Release|Any CPU
		{4246D182-EE69-949F-0CEB-4074695E31E7}.Debug|Any CPU.ActiveCfg = Debug|Any CPU
		{4246D182-EE69-949F-0CEB-4074695E31E7}.Debug|Any CPU.Build.0 = Debug|Any CPU
		{4246D182-EE69-949F-0CEB-4074695E31E7}.Release|Any CPU.ActiveCfg = Release|Any CPU
		{4246D182-EE69-949F-0CEB-4074695E31E7}.Release|Any CPU.Build.0 = Release|Any CPU
	EndGlobalSection
	GlobalSection(SolutionProperties) = preSolution
		HideSolutionNode = FALSE
	EndGlobalSection
EndGlobal
